
Microsoft Visual Studio Solution File, Format Version 12.00
# Visual Studio Version 16
VisualStudioVersion = 16.0.31515.178
MinimumVisualStudioVersion = 10.0.40219.1
Project("{FAE04EC0-301F-11D3-BF4B-00C04F79EFBC}") = "BankApp", "BankApp.csproj", "{9F4BA822-1359-4A2F-B9D0-993614229C89}"
EndProject
Global
	GlobalSection(SolutionConfigurationPlatforms) = preSolution
		Debug|Any CPU = Debug|Any CPU
		Release|Any CPU = Release|Any CPU
	EndGlobalSection
	GlobalSection(ProjectConfigurationPlatforms) = postSolution
		{9F4BA822-1359-4A2F-B9D0-993614229C89}.Debug|Any CPU.ActiveCfg = Debug|Any CPU
		{9F4BA822-1359-4A2F-B9D0-993614229C89}.Debug|Any CPU.Build.0 = Debug|Any CPU
		{9F4BA822-1359-4A2F-B9D0-993614229C89}.Release|Any CPU.ActiveCfg = Release|Any CPU
		{9F4BA822-1359-4A2F-B9D0-993614229C89}.Release|Any CPU.Build.0 = Release|Any CPU
	EndGlobalSection
	GlobalSection(SolutionProperties) = preSolution
		HideSolutionNode = FALSE
	EndGlobalSection
	GlobalSection(ExtensibilityGlobals) = postSolution
		SolutionGuid = {538F01AB-5519-4585-B610-E5063CB3CC77}
	EndGlobalSection
EndGlobal
